PODS:
  - Alamofire (3.4.0)
  - AlamofireObjectMapper (3.0.0):
    - Alamofire (~> 3.2)
    - ObjectMapper (~> 1.0)
  - GoogleMaps (1.13.2)
  - ObjectMapper (1.2.0)

DEPENDENCIES:
  - Alamofire (~> 3.3)
  - AlamofireObjectMapper (~> 3.0)
  - GoogleMaps
  - ObjectMapper (~> 1.2.0)

SPEC CHECKSUMS:
  Alamofire: c19a627cefd6a95f840401c49ab1f124e07f54ee
  AlamofireObjectMapper: 2d16585d06177be0116d76de73497e77437798af
  GoogleMaps: b20a103ff307f58392e603cf142e59d7e30374c1
  ObjectMapper: b1e9c7c8a9f6400b72690c80072c131504caa66f

PODFILE CHECKSUM: db4e8a3383b3d08bf3a5c799a5e931a15d1ea035

COCOAPODS: 1.0.0.beta.8
