// !$*UTF8*$!
{
	archiveVersion = 1;
	classes = {
	};
	objectVersion = 46;
	objects = {

/* Begin PBXBuildFile section */
		7268C12D1C944D3200B64753 /* AppDelegate.swift in Sources */ = {isa = PBXBuildFile; fileRef = 7268C12C1C944D3200B64753 /* AppDelegate.swift */; };
		7268C12F1C944D3200B64753 /* ViewController.swift in Sources */ = {isa = PBXBuildFile; fileRef = 7268C12E1C944D3200B64753 /* ViewController.swift */; };
		7268C1321C944D3200B64753 /* Main.storyboard in Resources */ = {isa = PBXBuildFile; fileRef = 7268C1301C944D3200B64753 /* Main.storyboard */; };
		7268C1341C944D3200B64753 /* Assets.xcassets in Resources */ = {isa = PBXBuildFile; fileRef = 7268C1331C944D3200B64753 /* Assets.xcassets */; };
		7268C1371C944D3200B64753 /* LaunchScreen.storyboard in Resources */ = {isa = PBXBuildFile; fileRef = 7268C1351C944D3200B64753 /* LaunchScreen.storyboard */; };
		7268C1421C944D3200B64753 /* UICollectionView_try1Tests.swift in Sources */ = {isa = PBXBuildFile; fileRef = 7268C1411C944D3200B64753 /* UICollectionView_try1Tests.swift */; };
		7268C14D1C944D3200B64753 /* UICollectionView_try1UITests.swift in Sources */ = {isa = PBXBuildFile; fileRef = 7268C14C1C944D3200B64753 /* UICollectionView_try1UITests.swift */; };
		7268C15B1C94504E00B64753 /* CollectionViewCell.swift in Sources */ = {isa = PBXBuildFile; fileRef = 7268C15A1C94504E00B64753 /* CollectionViewCell.swift */; };
		7268C15D1C94507C00B64753 /* NewViewController.swift in Sources */ = {isa = PBXBuildFile; fileRef = 7268C15C1C94507C00B64753 /* NewViewController.swift */; };
/* End PBXBuildFile section */

/* Begin PBXContainerItemProxy section */
		7268C13E1C944D3200B64753 /* PBXContainerItemProxy */ = {
			isa = PBXContainerItemProxy;
			containerPortal = 7268C1211C944D3200B64753 /* Project object */;
			proxyType = 1;
			remoteGlobalIDString = 7268C1281C944D3200B64753;
			remoteInfo = "UICollectionView try1";
		};
		7268C1491C944D3200B64753 /* PBXContainerItemProxy */ = {
			isa = PBXContainerItemProxy;
			containerPortal = 7268C1211C944D3200B64753 /* Project object */;
			proxyType = 1;
			remoteGlobalIDString = 7268C1281C944D3200B64753;
			remoteInfo = "UICollectionView try1";
		};
/* End PBXContainerItemProxy section */

/* Begin PBXFileReference section */
		7268C1291C944D3200B64753 /* UICollectionView try1.app */ = {isa = PBXFileReference; explicitFileType = wrapper.application; includeInIndex = 0; path = "UICollectionView try1.app"; sourceTree = BUILT_PRODUCTS_DIR; };
		7268C12C1C944D3200B64753 /* AppDelegate.swift */ = {isa = PBXFileReference; lastKnownFileType = sourcecode.swift; path = AppDelegate.swift; sourceTree = "<group>"; };
		7268C12E1C944D3200B64753 /* ViewController.swift */ = {isa = PBXFileReference; lastKnownFileType = sourcecode.swift; path = ViewController.swift; sourceTree = "<group>"; };
		7268C1311C944D3200B64753 /* Base */ = {isa = PBXFileReference; lastKnownFileType = file.storyboard; name = Base; path = Base.lproj/Main.storyboard; sourceTree = "<group>"; };
		7268C1331C944D3200B64753 /* Assets.xcassets */ = {isa = PBXFileReference; lastKnownFileType = folder.assetcatalog; path = Assets.xcassets; sourceTree = "<group>"; };
		7268C1361C944D3200B64753 /* Base */ = {isa = PBXFileReference; lastKnownFileType = file.storyboard; name = Base; path = Base.lproj/LaunchScreen.storyboard; sourceTree = "<group>"; };
		7268C1381C944D3200B64753 /* Info.plist */ = {isa = PBXFileReference; lastKnownFileType = text.plist.xml; path = Info.plist; sourceTree = "<group>"; };
		7268C13D1C944D3200B64753 /* UICollectionView try1Tests.xctest */ = {isa = PBXFileReference; explicitFileType = wrapper.cfbundle; includeInIndex = 0; path = "UICollectionView try1Tests.xctest"; sourceTree = BUILT_PRODUCTS_DIR; };
		7268C1411C944D3200B64753 /* UICollectionView_try1Tests.swift */ = {isa = PBXFileReference; lastKnownFileType = sourcecode.swift; path = UICollectionView_try1Tests.swift; sourceTree = "<group>"; };
		7268C1431C944D3200B64753 /* Info.plist */ = {isa = PBXFileReference; lastKnownFileType = text.plist.xml; path = Info.plist; sourceTree = "<group>"; };
		7268C1481C944D3200B64753 /* UICollectionView try1UITests.xctest */ = {isa = PBXFileReference; explicitFileType = wrapper.cfbundle; includeInIndex = 0; path = "UICollectionView try1UITests.xctest"; sourceTree = BUILT_PRODUCTS_DIR; };
		7268C14C1C944D3200B64753 /* UICollectionView_try1UITests.swift */ = {isa = PBXFileReference; lastKnownFileType = sourcecode.swift; path = UICollectionView_try1UITests.swift; sourceTree = "<group>"; };
		7268C14E1C944D3200B64753 /* Info.plist */ = {isa = PBXFileReference; lastKnownFileType = text.plist.xml; path = Info.plist; sourceTree = "<group>"; };
		7268C15A1C94504E00B64753 /* CollectionViewCell.swift */ = {isa = PBXFileReference; fileEncoding = 4; lastKnownFileType = sourcecode.swift; path = CollectionViewCell.swift; sourceTree = "<group>"; };
		7268C15C1C94507C00B64753 /* NewViewController.swift */ = {isa = PBXFileReference; fileEncoding = 4; lastKnownFileType = sourcecode.swift; path = NewViewController.swift; sourceTree = "<group>"; };
/* End PBXFileReference section */

/* Begin PBXFrameworksBuildPhase section */
		7268C1261C944D3200B64753 /* Frameworks */ = {
			isa = PBXFrameworksBuildPhase;
			buildActionMask = 2147483647;
			files = (
			);
			runOnlyForDeploymentPostprocessing = 0;
		};
		7268C13A1C944D3200B64753 /* Frameworks */ = {
			isa = PBXFrameworksBuildPhase;
			buildActionMask = 2147483647;
			files = (
			);
			runOnlyForDeploymentPostprocessing = 0;
		};
		7268C1451C944D3200B64753 /* Frameworks */ = {
			isa = PBXFrameworksBuildPhase;
			buildActionMask = 2147483647;
			files = (
			);
			runOnlyForDeploymentPostprocessing = 0;
		};
/* End PBXFrameworksBuildPhase section */

/* Begin PBXGroup section */
		7268C1201C944D3200B64753 = {
			isa = PBXGroup;
			children = (
				7268C12B1C944D3200B64753 /* UICollectionView try1 */,
				7268C1401C944D3200B64753 /* UICollectionView try1Tests */,
				7268C14B1C944D3200B64753 /* UICollectionView try1UITests */,
				7268C12A1C944D3200B64753 /* Products */,
			);
			sourceTree = "<group>";
		};
		7268C12A1C944D3200B64753 /* Products */ = {
			isa = PBXGroup;
			children = (
				7268C1291C944D3200B64753 /* UICollectionView try1.app */,
				7268C13D1C944D3200B64753 /* UICollectionView try1Tests.xctest */,
				7268C1481C944D3200B64753 /* UICollectionView try1UITests.xctest */,
			);
			name = Products;
			sourceTree = "<group>";
		};
		7268C12B1C944D3200B64753 /* UICollectionView try1 */ = {
			isa = PBXGroup;
			children = (
				7268C12C1C944D3200B64753 /* AppDelegate.swift */,
				7268C12E1C944D3200B64753 /* ViewController.swift */,
				7268C15A1C94504E00B64753 /* CollectionViewCell.swift */,
				7268C15C1C94507C00B64753 /* NewViewController.swift */,
				7268C1301C944D3200B64753 /* Main.storyboard */,
				7268C1331C944D3200B64753 /* Assets.xcassets */,
				7268C1351C944D3200B64753 /* LaunchScreen.storyboard */,
				7268C1381C944D3200B64753 /* Info.plist */,
			);
			path = "UICollectionView try1";
			sourceTree = "<group>";
		};
		7268C1401C944D3200B64753 /* UICollectionView try1Tests */ = {
			isa = PBXGroup;
			children = (
				7268C1411C944D3200B64753 /* UICollectionView_try1Tests.swift */,
				7268C1431C944D3200B64753 /* Info.plist */,
			);
			path = "UICollectionView try1Tests";
			sourceTree = "<group>";
		};
		7268C14B1C944D3200B64753 /* UICollectionView try1UITests */ = {
			isa = PBXGroup;
			children = (
				7268C14C1C944D3200B64753 /* UICollectionView_try1UITests.swift */,
				7268C14E1C944D3200B64753 /* Info.plist */,
			);
			path = "UICollectionView try1UITests";
			sourceTree = "<group>";
		};
/* End PBXGroup section */

/* Begin PBXNativeTarget section */
		7268C1281C944D3200B64753 /* UICollectionView try1 */ = {
			isa = PBXNativeTarget;
			buildConfigurationList = 7268C1511C944D3200B64753 /* Build configuration list for PBXNativeTarget "UICollectionView try1" */;
			buildPhases = (
				7268C1251C944D3200B64753 /* Sources */,
				7268C1261C944D3200B64753 /* Frameworks */,
				7268C1271C944D3200B64753 /* Resources */,
			);
			buildRules = (
			);
			dependencies = (
			);
			name = "UICollectionView try1";
			productName = "UICollectionView try1";
			productReference = 7268C1291C944D3200B64753 /* UICollectionView try1.app */;
			productType = "com.apple.product-type.application";
		};
		7268C13C1C944D3200B64753 /* UICollectionView try1Tests */ = {
			isa = PBXNativeTarget;
			buildConfigurationList = 7268C1541C944D3200B64753 /* Build configuration list for PBXNativeTarget "UICollectionView try1Tests" */;
			buildPhases = (
				7268C1391C944D3200B64753 /* Sources */,
				7268C13A1C944D3200B64753 /* Frameworks */,
				7268C13B1C944D3200B64753 /* Resources */,
			);
			buildRules = (
			);
			dependencies = (
				7268C13F1C944D3200B64753 /* PBXTargetDependency */,
			);
			name = "UICollectionView try1Tests";
			productName = "UICollectionView try1Tests";
			productReference = 7268C13D1C944D3200B64753 /* UICollectionView try1Tests.xctest */;
			productType = "com.apple.product-type.bundle.unit-test";
		};
		7268C1471C944D3200B64753 /* UICollectionView try1UITests */ = {
			isa = PBXNativeTarget;
			buildConfigurationList = 7268C1571C944D3200B64753 /* Build configuration list for PBXNativeTarget "UICollectionView try1UITests" */;
			buildPhases = (
				7268C1441C944D3200B64753 /* Sources */,
				7268C1451C944D3200B64753 /* Frameworks */,
				7268C1461C944D3200B64753 /* Resources */,
			);
			buildRules = (
			);
			dependencies = (
				7268C14A1C944D3200B64753 /* PBXTargetDependency */,
			);
			name = "UICollectionView try1UITests";
			productName = "UICollectionView try1UITests";
			productReference = 7268C1481C944D3200B64753 /* UICollectionView try1UITests.xctest */;
			productType = "com.apple.product-type.bundle.ui-testing";
		};
/* End PBXNativeTarget section */

/* Begin PBXProject section */
		7268C1211C944D3200B64753 /* Project object */ = {
			isa = PBXProject;
			attributes = {
				LastSwiftUpdateCheck = 0720;
				LastUpgradeCheck = 0720;
				ORGANIZATIONNAME = Exchangeworld;
				TargetAttributes = {
					7268C1281C944D3200B64753 = {
						CreatedOnToolsVersion = 7.2.1;
					};
					7268C13C1C944D3200B64753 = {
						CreatedOnToolsVersion = 7.2.1;
						TestTargetID = 7268C1281C944D3200B64753;
					};
					7268C1471C944D3200B64753 = {
						CreatedOnToolsVersion = 7.2.1;
						TestTargetID = 7268C1281C944D3200B64753;
					};
				};
			};
			buildConfigurationList = 7268C1241C944D3200B64753 /* Build configuration list for PBXProject "UICollectionView try1" */;
			compatibilityVersion = "Xcode 3.2";
			developmentRegion = English;
			hasScannedForEncodings = 0;
			knownRegions = (
				en,
				Base,
			);
			mainGroup = 7268C1201C944D3200B64753;
			productRefGroup = 7268C12A1C944D3200B64753 /* Products */;
			projectDirPath = "";
			projectRoot = "";
			targets = (
				7268C1281C944D3200B64753 /* UICollectionView try1 */,
				7268C13C1C944D3200B64753 /* UICollectionView try1Tests */,
				7268C1471C944D3200B64753 /* UICollectionView try1UITests */,
			);
		};
/* End PBXProject section */

/* Begin PBXResourcesBuildPhase section */
		7268C1271C944D3200B64753 /* Resources */ = {
			isa = PBXResourcesBuildPhase;
			buildActionMask = 2147483647;
			files = (
				7268C1371C944D3200B64753 /* LaunchScreen.storyboard in Resources */,
				7268C1341C944D3200B64753 /* Assets.xcassets in Resources */,
				7268C1321C944D3200B64753 /* Main.storyboard in Resources */,
			);
			runOnlyForDeploymentPostprocessing = 0;
		};
		7268C13B1C944D3200B64753 /* Resources */ = {
			isa = PBXResourcesBuildPhase;
			buildActionMask = 2147483647;
			files = (
			);
			runOnlyForDeploymentPostprocessing = 0;
		};
		7268C1461C944D3200B64753 /* Resources */ = {
			isa = PBXResourcesBuildPhase;
			buildActionMask = 2147483647;
			files = (
			);
			runOnlyForDeploymentPostprocessing = 0;
		};
/* End PBXResourcesBuildPhase section */

/* Begin PBXSourcesBuildPhase section */
		7268C1251C944D3200B64753 /* Sources */ = {
			isa = PBXSourcesBuildPhase;
			buildActionMask = 2147483647;
			files = (
				7268C12F1C944D3200B64753 /* ViewController.swift in Sources */,
				7268C12D1C944D3200B64753 /* AppDelegate.swift in Sources */,
				7268C15B1C94504E00B64753 /* CollectionViewCell.swift in Sources */,
				7268C15D1C94507C00B64753 /* NewViewController.swift in Sources */,
			);
			runOnlyForDeploymentPostprocessing = 0;
		};
		7268C1391C944D3200B64753 /* Sources */ = {
			isa = PBXSourcesBuildPhase;
			buildActionMask = 2147483647;
			files = (
				7268C1421C944D3200B64753 /* UICollectionView_try1Tests.swift in Sources */,
			);
			runOnlyForDeploymentPostprocessing = 0;
		};
		7268C1441C944D3200B64753 /* Sources */ = {
			isa = PBXSourcesBuildPhase;
			buildActionMask = 2147483647;
			files = (
				7268C14D1C944D3200B64753 /* UICollectionView_try1UITests.swift in Sources */,
			);
			runOnlyForDeploymentPostprocessing = 0;
		};
/* End PBXSourcesBuildPhase section */

/* Begin PBXTargetDependency section */
		7268C13F1C944D3200B64753 /* PBXTargetDependency */ = {
			isa = PBXTargetDependency;
			target = 7268C1281C944D3200B64753 /* UICollectionView try1 */;
			targetProxy = 7268C13E1C944D3200B64753 /* PBXContainerItemProxy */;
		};
		7268C14A1C944D3200B64753 /* PBXTargetDependency */ = {
			isa = PBXTargetDependency;
			target = 7268C1281C944D3200B64753 /* UICollectionView try1 */;
			targetProxy = 7268C1491C944D3200B64753 /* PBXContainerItemProxy */;
		};
/* End PBXTargetDependency section */

/* Begin PBXVariantGroup section */
		7268C1301C944D3200B64753 /* Main.storyboard */ = {
			isa = PBXVariantGroup;
			children = (
				7268C1311C944D3200B64753 /* Base */,
			);
			name = Main.storyboard;
			sourceTree = "<group>";
		};
		7268C1351C944D3200B64753 /* LaunchScreen.storyboard */ = {
			isa = PBXVariantGroup;
			children = (
				7268C1361C944D3200B64753 /* Base */,
			);
			name = LaunchScreen.storyboard;
			sourceTree = "<group>";
		};
/* End PBXVariantGroup section */

/* Begin XCBuildConfiguration section */
		7268C14F1C944D3200B64753 /* Debug */ = {
			isa = XCBuildConfiguration;
			buildSettings = {
				ALWAYS_SEARCH_USER_PATHS = NO;
				CLANG_CXX_LANGUAGE_STANDARD = "gnu++0x";
				CLANG_CXX_LIBRARY = "libc++";
				CLANG_ENABLE_MODULES = YES;
				CLANG_ENABLE_OBJC_ARC = YES;
				CLANG_WARN_BOOL_CONVERSION = YES;
				CLANG_WARN_CONSTANT_CONVERSION = YES;
				CLANG_WARN_DIRECT_OBJC_ISA_USAGE = YES_ERROR;
				CLANG_WARN_EMPTY_BODY = YES;
				CLANG_WARN_ENUM_CONVERSION = YES;
				CLANG_WARN_INT_CONVERSION = YES;
				CLANG_WARN_OBJC_ROOT_CLASS = YES_ERROR;
				CLANG_WARN_UNREACHABLE_CODE = YES;
				CLANG_WARN__DUPLICATE_METHOD_MATCH = YES;
				"CODE_SIGN_IDENTITY[sdk=iphoneos*]" = "iPhone Developer";
				COPY_PHASE_STRIP = NO;
				DEBUG_INFORMATION_FORMAT = dwarf;
				ENABLE_STRICT_OBJC_MSGSEND = YES;
				ENABLE_TESTABILITY = YES;
				GCC_C_LANGUAGE_STANDARD = gnu99;
				GCC_DYNAMIC_NO_PIC = NO;
				GCC_NO_COMMON_BLOCKS = YES;
				GCC_OPTIMIZATION_LEVEL = 0;
				GCC_PREPROCESSOR_DEFINITIONS = (
					"DEBUG=1",
					"$(inherited)",
				);
				GCC_WARN_64_TO_32_BIT_CONVERSION = YES;
				GCC_WARN_ABOUT_RETURN_TYPE = YES_ERROR;
				GCC_WARN_UNDECLARED_SELECTOR = YES;
				GCC_WARN_UNINITIALIZED_AUTOS = YES_AGGRESSIVE;
				GCC_WARN_UNUSED_FUNCTION = YES;
				GCC_WARN_UNUSED_VARIABLE = YES;
				IPHONEOS_DEPLOYMENT_TARGET = 9.2;
				MTL_ENABLE_DEBUG_INFO = YES;
				ONLY_ACTIVE_ARCH = YES;
				SDKROOT = iphoneos;
				SWIFT_OPTIMIZATION_LEVEL = "-Onone";
				TARGETED_DEVICE_FAMILY = "1,2";
			};
			name = Debug;
		};
		7268C1501C944D3200B64753 /* Release */ = {
			isa = XCBuildConfiguration;
			buildSettings = {
				ALWAYS_SEARCH_USER_PATHS = NO;
				CLANG_CXX_LANGUAGE_STANDARD = "gnu++0x";
				CLANG_CXX_LIBRARY = "libc++";
				CLANG_ENABLE_MODULES = YES;
				CLANG_ENABLE_OBJC_ARC = YES;
				CLANG_WARN_BOOL_CONVERSION = YES;
				CLANG_WARN_CONSTANT_CONVERSION = YES;
				CLANG_WARN_DIRECT_OBJC_ISA_USAGE = YES_ERROR;
				CLANG_WARN_EMPTY_BODY = YES;
				CLANG_WARN_ENUM_CONVERSION = YES;
				CLANG_WARN_INT_CONVERSION = YES;
				CLANG_WARN_OBJC_ROOT_CLASS = YES_ERROR;
				CLANG_WARN_UNREACHABLE_CODE = YES;
				CLANG_WARN__DUPLICATE_METHOD_MATCH = YES;
				"CODE_SIGN_IDENTITY[sdk=iphoneos*]" = "iPhone Developer";
				COPY_PHASE_STRIP = NO;
				DEBUG_INFORMATION_FORMAT = "dwarf-with-dsym";
				ENABLE_NS_ASSERTIONS = NO;
				ENABLE_STRICT_OBJC_MSGSEND = YES;
				GCC_C_LANGUAGE_STANDARD = gnu99;
				GCC_NO_COMMON_BLOCKS = YES;
				GCC_WARN_64_TO_32_BIT_CONVERSION = YES;
				GCC_WARN_ABOUT_RETURN_TYPE = YES_ERROR;
				GCC_WARN_UNDECLARED_SELECTOR = YES;
				GCC_WARN_UNINITIALIZED_AUTOS = YES_AGGRESSIVE;
				GCC_WARN_UNUSED_FUNCTION = YES;
				GCC_WARN_UNUSED_VARIABLE = YES;
				IPHONEOS_DEPLOYMENT_TARGET = 9.2;
				MTL_ENABLE_DEBUG_INFO = NO;
				SDKROOT = iphoneos;
				TARGETED_DEVICE_FAMILY = "1,2";
				VALIDATE_PRODUCT = YES;
			};
			name = Release;
		};
		7268C1521C944D3200B64753 /* Debug */ = {
			isa = XCBuildConfiguration;
			buildSettings = {
				ASSETCATALOG_COMPILER_APPICON_NAME = AppIcon;
				INFOPLIST_FILE = "UICollectionView try1/Info.plist";
				LD_RUNPATH_SEARCH_PATHS = "$(inherited) @executable_path/Frameworks";
				PRODUCT_BUNDLE_IDENTIFIER = "tw.edu.nccu.UICollectionView-try1";
				PRODUCT_NAME = "$(TARGET_NAME)";
			};
			name = Debug;
		};
		7268C1531C944D3200B64753 /* Release */ = {
			isa = XCBuildConfiguration;
			buildSettings = {
				ASSETCATALOG_COMPILER_APPICON_NAME = AppIcon;
				INFOPLIST_FILE = "UICollectionView try1/Info.plist";
				LD_RUNPATH_SEARCH_PATHS = "$(inherited) @executable_path/Frameworks";
				PRODUCT_BUNDLE_IDENTIFIER = "tw.edu.nccu.UICollectionView-try1";
				PRODUCT_NAME = "$(TARGET_NAME)";
			};
			name = Release;
		};
		7268C1551C944D3200B64753 /* Debug */ = {
			isa = XCBuildConfiguration;
			buildSettings = {
				BUNDLE_LOADER = "$(TEST_HOST)";
				INFOPLIST_FILE = "UICollectionView try1Tests/Info.plist";
				LD_RUNPATH_SEARCH_PATHS = "$(inherited) @executable_path/Frameworks @loader_path/Frameworks";
				PRODUCT_BUNDLE_IDENTIFIER = "tw.edu.nccu.UICollectionView-try1Tests";
				PRODUCT_NAME = "$(TARGET_NAME)";
				TEST_HOST = "$(BUILT_PRODUCTS_DIR)/UICollectionView try1.app/UICollectionView try1";
			};
			name = Debug;
		};
		7268C1561C944D3200B64753 /* Release */ = {
			isa = XCBuildConfiguration;
			buildSettings = {
				BUNDLE_LOADER = "$(TEST_HOST)";
				INFOPLIST_FILE = "UICollectionView try1Tests/Info.plist";
				LD_RUNPATH_SEARCH_PATHS = "$(inherited) @executable_path/Frameworks @loader_path/Frameworks";
				PRODUCT_BUNDLE_IDENTIFIER = "tw.edu.nccu.UICollectionView-try1Tests";
				PRODUCT_NAME = "$(TARGET_NAME)";
				TEST_HOST = "$(BUILT_PRODUCTS_DIR)/UICollectionView try1.app/UICollectionView try1";
			};
			name = Release;
		};
		7268C1581C944D3200B64753 /* Debug */ = {
			isa = XCBuildConfiguration;
			buildSettings = {
				INFOPLIST_FILE = "UICollectionView try1UITests/Info.plist";
				LD_RUNPATH_SEARCH_PATHS = "$(inherited) @executable_path/Frameworks @loader_path/Frameworks";
				PRODUCT_BUNDLE_IDENTIFIER = "tw.edu.nccu.UICollectionView-try1UITests";
				PRODUCT_NAME = "$(TARGET_NAME)";
				TEST_TARGET_NAME = "UICollectionView try1";
				USES_XCTRUNNER = YES;
			};
			name = Debug;
		};
		7268C1591C944D3200B64753 /* Release */ = {
			isa = XCBuildConfiguration;
			buildSettings = {
				INFOPLIST_FILE = "UICollectionView try1UITests/Info.plist";
				LD_RUNPATH_SEARCH_PATHS = "$(inherited) @executable_path/Frameworks @loader_path/Frameworks";
				PRODUCT_BUNDLE_IDENTIFIER = "tw.edu.nccu.UICollectionView-try1UITests";
				PRODUCT_NAME = "$(TARGET_NAME)";
				TEST_TARGET_NAME = "UICollectionView try1";
				USES_XCTRUNNER = YES;
			};
			name = Release;
		};
/* End XCBuildConfiguration section */

/* Begin XCConfigurationList section */
		7268C1241C944D3200B64753 /* Build configuration list for PBXProject "UICollectionView try1" */ = {
			isa = XCConfigurationList;
			buildConfigurations = (
				7268C14F1C944D3200B64753 /* Debug */,
				7268C1501C944D3200B64753 /* Release */,
			);
			defaultConfigurationIsVisible = 0;
			defaultConfigurationName = Release;
		};
		7268C1511C944D3200B64753 /* Build configuration list for PBXNativeTarget "UICollectionView try1" */ = {
			isa = XCConfigurationList;
			buildConfigurations = (
				7268C1521C944D3200B64753 /* Debug */,
				7268C1531C944D3200B64753 /* Release */,
			);
			defaultConfigurationIsVisible = 0;
		};
		7268C1541C944D3200B64753 /* Build configuration list for PBXNativeTarget "UICollectionView try1Tests" */ = {
			isa = XCConfigurationList;
			buildConfigurations = (
				7268C1551C944D3200B64753 /* Debug */,
				7268C1561C944D3200B64753 /* Release */,
			);
			defaultConfigurationIsVisible = 0;
		};
		7268C1571C944D3200B64753 /* Build configuration list for PBXNativeTarget "UICollectionView try1UITests" */ = {
			isa = XCConfigurationList;
			buildConfigurations = (
				7268C1581C944D3200B64753 /* Debug */,
				7268C1591C944D3200B64753 /* Release */,
			);
			defaultConfigurationIsVisible = 0;
		};
/* End XCConfigurationList section */
	};
	rootObject = 7268C1211C944D3200B64753 /* Project object */;
}
