// !$*UTF8*$!
{
	archiveVersion = 1;
	classes = {
	};
	objectVersion = 46;
	objects = {

/* Begin PBXBuildFile section */
		3479A4E11C593A0400EBAF70 /* .swiftlint.yml in Resources */ = {isa = PBXBuildFile; fileRef = 3479A4E01C593A0400EBAF70 /* .swiftlint.yml */; };
		3479A4E21C593A0400EBAF70 /* .swiftlint.yml in Resources */ = {isa = PBXBuildFile; fileRef = 3479A4E01C593A0400EBAF70 /* .swiftlint.yml */; };
		3479A4E31C593A0400EBAF70 /* .swiftlint.yml in Resources */ = {isa = PBXBuildFile; fileRef = 3479A4E01C593A0400EBAF70 /* .swiftlint.yml */; };
		34AA5CAC1C592B900011C3C4 /* AppDelegate.swift in Sources */ = {isa = PBXBuildFile; fileRef = 34AA5CAB1C592B900011C3C4 /* AppDelegate.swift */; };
		34AA5CB31C592B900011C3C4 /* Main.storyboard in Resources */ = {isa = PBXBuildFile; fileRef = 34AA5CB11C592B900011C3C4 /* Main.storyboard */; };
		34AA5CB51C592B900011C3C4 /* Assets.xcassets in Resources */ = {isa = PBXBuildFile; fileRef = 34AA5CB41C592B900011C3C4 /* Assets.xcassets */; };
		34AA5CB81C592B900011C3C4 /* LaunchScreen.storyboard in Resources */ = {isa = PBXBuildFile; fileRef = 34AA5CB61C592B900011C3C4 /* LaunchScreen.storyboard */; };
		34AA5CC31C592B900011C3C4 /* ExchangeWorldTests.swift in Sources */ = {isa = PBXBuildFile; fileRef = 34AA5CC21C592B900011C3C4 /* ExchangeWorldTests.swift */; };
		34AA5CCE1C592B900011C3C4 /* ExchangeWorldUITests.swift in Sources */ = {isa = PBXBuildFile; fileRef = 34AA5CCD1C592B900011C3C4 /* ExchangeWorldUITests.swift */; };
		C9BE7B5BEB182177EB7DB55B /* Pods_ExchangeWorld.framework in Frameworks */ = {isa = PBXBuildFile; fileRef = 4FA932E1BA21826F6C4B3D51 /* Pods_ExchangeWorld.framework */; };
		F90E7ED11D00708C00F567D2 /* ObjectInfoViewController.swift in Sources */ = {isa = PBXBuildFile; fileRef = F90E7ED01D00708C00F567D2 /* ObjectInfoViewController.swift */; };
		F922BA981CE968420077D7EE /* CameraViewController.swift in Sources */ = {isa = PBXBuildFile; fileRef = F922BA971CE968420077D7EE /* CameraViewController.swift */; };
		F961DBED1CFBF0F200FF7361 /* HomeObjectCategoryCollectionViewController.swift in Sources */ = {isa = PBXBuildFile; fileRef = F961DBEC1CFBF0F200FF7361 /* HomeObjectCategoryCollectionViewController.swift */; };
		F961DBEF1CFBF11C00FF7361 /* HomeObjectCategoryCollectionViewCell.swift in Sources */ = {isa = PBXBuildFile; fileRef = F961DBEE1CFBF11C00FF7361 /* HomeObjectCategoryCollectionViewCell.swift */; };
		F961DBF11CFC083500FF7361 /* HomeObjectCollectionViewController.swift in Sources */ = {isa = PBXBuildFile; fileRef = F961DBF01CFC083500FF7361 /* HomeObjectCollectionViewController.swift */; };
		F961DBF31CFC085F00FF7361 /* HomeObjectCollectionViewCell.swift in Sources */ = {isa = PBXBuildFile; fileRef = F961DBF21CFC085F00FF7361 /* HomeObjectCollectionViewCell.swift */; };
		F961DBF51CFC5E9B00FF7361 /* HomeObjectData.swift in Sources */ = {isa = PBXBuildFile; fileRef = F961DBF41CFC5E9B00FF7361 /* HomeObjectData.swift */; };
		F985FF181CE8DE9F00676DB3 /* HomeMapTabViewController.swift in Sources */ = {isa = PBXBuildFile; fileRef = F985FF171CE8DE9F00676DB3 /* HomeMapTabViewController.swift */; };
		F9901F831CFB523D000E98E9 /* HomeAreaCategoryCollectionViewController.swift in Sources */ = {isa = PBXBuildFile; fileRef = F9901F821CFB523D000E98E9 /* HomeAreaCategoryCollectionViewController.swift */; };
		F9901F851CFB5599000E98E9 /* HomeAreaCategoryCollectionViewCell.swift in Sources */ = {isa = PBXBuildFile; fileRef = F9901F841CFB5599000E98E9 /* HomeAreaCategoryCollectionViewCell.swift */; };
		F9B48E5C1CE8DADA00048AFC /* HomeViewController.swift in Sources */ = {isa = PBXBuildFile; fileRef = F9B48E5B1CE8DADA00048AFC /* HomeViewController.swift */; };
		F9B48E5E1CE8DB0400048AFC /* HomeSegmentedControl.swift in Sources */ = {isa = PBXBuildFile; fileRef = F9B48E5D1CE8DB0400048AFC /* HomeSegmentedControl.swift */; };
/* End PBXBuildFile section */

/* Begin PBXContainerItemProxy section */
		34AA5CBF1C592B900011C3C4 /* PBXContainerItemProxy */ = {
			isa = PBXContainerItemProxy;
			containerPortal = 34AA5CA01C592B900011C3C4 /* Project object */;
			proxyType = 1;
			remoteGlobalIDString = 34AA5CA71C592B900011C3C4;
			remoteInfo = ExchangeWorld;
		};
		34AA5CCA1C592B900011C3C4 /* PBXContainerItemProxy */ = {
			isa = PBXContainerItemProxy;
			containerPortal = 34AA5CA01C592B900011C3C4 /* Project object */;
			proxyType = 1;
			remoteGlobalIDString = 34AA5CA71C592B900011C3C4;
			remoteInfo = ExchangeWorld;
		};
/* End PBXContainerItemProxy section */

/* Begin PBXFileReference section */
		15C707BACE81D77BBC6160BD /* Pods-ExchangeWorld.release.xcconfig */ = {isa = PBXFileReference; includeInIndex = 1; lastKnownFileType = text.xcconfig; name = "Pods-ExchangeWorld.release.xcconfig"; path = "Pods/Target Support Files/Pods-ExchangeWorld/Pods-ExchangeWorld.release.xcconfig"; sourceTree = "<group>"; };
		3479A4E01C593A0400EBAF70 /* .swiftlint.yml */ = {isa = PBXFileReference; fileEncoding = 4; lastKnownFileType = text; path = .swiftlint.yml; sourceTree = "<group>"; };
		34AA5CA81C592B900011C3C4 /* ExchangeWorld.app */ = {isa = PBXFileReference; explicitFileType = wrapper.application; includeInIndex = 0; path = ExchangeWorld.app; sourceTree = BUILT_PRODUCTS_DIR; };
		34AA5CAB1C592B900011C3C4 /* AppDelegate.swift */ = {isa = PBXFileReference; lastKnownFileType = sourcecode.swift; path = AppDelegate.swift; sourceTree = "<group>"; };
		34AA5CB21C592B900011C3C4 /* Base */ = {isa = PBXFileReference; lastKnownFileType = file.storyboard; name = Base; path = Base.lproj/Main.storyboard; sourceTree = "<group>"; };
		34AA5CB41C592B900011C3C4 /* Assets.xcassets */ = {isa = PBXFileReference; lastKnownFileType = folder.assetcatalog; path = Assets.xcassets; sourceTree = "<group>"; };
		34AA5CB71C592B900011C3C4 /* Base */ = {isa = PBXFileReference; lastKnownFileType = file.storyboard; name = Base; path = Base.lproj/LaunchScreen.storyboard; sourceTree = "<group>"; };
		34AA5CB91C592B900011C3C4 /* Info.plist */ = {isa = PBXFileReference; lastKnownFileType = text.plist.xml; path = Info.plist; sourceTree = "<group>"; };
		34AA5CBE1C592B900011C3C4 /* ExchangeWorldTests.xctest */ = {isa = PBXFileReference; explicitFileType = wrapper.cfbundle; includeInIndex = 0; path = ExchangeWorldTests.xctest; sourceTree = BUILT_PRODUCTS_DIR; };
		34AA5CC21C592B900011C3C4 /* ExchangeWorldTests.swift */ = {isa = PBXFileReference; lastKnownFileType = sourcecode.swift; path = ExchangeWorldTests.swift; sourceTree = "<group>"; };
		34AA5CC41C592B900011C3C4 /* Info.plist */ = {isa = PBXFileReference; lastKnownFileType = text.plist.xml; path = Info.plist; sourceTree = "<group>"; };
		34AA5CC91C592B900011C3C4 /* ExchangeWorldUITests.xctest */ = {isa = PBXFileReference; explicitFileType = wrapper.cfbundle; includeInIndex = 0; path = ExchangeWorldUITests.xctest; sourceTree = BUILT_PRODUCTS_DIR; };
		34AA5CCD1C592B900011C3C4 /* ExchangeWorldUITests.swift */ = {isa = PBXFileReference; lastKnownFileType = sourcecode.swift; path = ExchangeWorldUITests.swift; sourceTree = "<group>"; };
		34AA5CCF1C592B900011C3C4 /* Info.plist */ = {isa = PBXFileReference; lastKnownFileType = text.plist.xml; path = Info.plist; sourceTree = "<group>"; };
		4FA932E1BA21826F6C4B3D51 /* Pods_ExchangeWorld.framework */ = {isa = PBXFileReference; explicitFileType = wrapper.framework; includeInIndex = 0; path = Pods_ExchangeWorld.framework; sourceTree = BUILT_PRODUCTS_DIR; };
		F90E7ED01D00708C00F567D2 /* ObjectInfoViewController.swift */ = {isa = PBXFileReference; fileEncoding = 4; lastKnownFileType = sourcecode.swift; path = ObjectInfoViewController.swift; sourceTree = "<group>"; };
		F922BA971CE968420077D7EE /* CameraViewController.swift */ = {isa = PBXFileReference; fileEncoding = 4; lastKnownFileType = sourcecode.swift; path = CameraViewController.swift; sourceTree = "<group>"; };
		F961DBEC1CFBF0F200FF7361 /* HomeObjectCategoryCollectionViewController.swift */ = {isa = PBXFileReference; fileEncoding = 4; lastKnownFileType = sourcecode.swift; path = HomeObjectCategoryCollectionViewController.swift; sourceTree = "<group>"; };
		F961DBEE1CFBF11C00FF7361 /* HomeObjectCategoryCollectionViewCell.swift */ = {isa = PBXFileReference; fileEncoding = 4; lastKnownFileType = sourcecode.swift; path = HomeObjectCategoryCollectionViewCell.swift; sourceTree = "<group>"; };
		F961DBF01CFC083500FF7361 /* HomeObjectCollectionViewController.swift */ = {isa = PBXFileReference; fileEncoding = 4; lastKnownFileType = sourcecode.swift; path = HomeObjectCollectionViewController.swift; sourceTree = "<group>"; };
		F961DBF21CFC085F00FF7361 /* HomeObjectCollectionViewCell.swift */ = {isa = PBXFileReference; fileEncoding = 4; lastKnownFileType = sourcecode.swift; path = HomeObjectCollectionViewCell.swift; sourceTree = "<group>"; };
		F961DBF41CFC5E9B00FF7361 /* HomeObjectData.swift */ = {isa = PBXFileReference; fileEncoding = 4; lastKnownFileType = sourcecode.swift; path = HomeObjectData.swift; sourceTree = "<group>"; };
		F985FF171CE8DE9F00676DB3 /* HomeMapTabViewController.swift */ = {isa = PBXFileReference; fileEncoding = 4; lastKnownFileType = sourcecode.swift; path = HomeMapTabViewController.swift; sourceTree = "<group>"; };
		F9901F821CFB523D000E98E9 /* HomeAreaCategoryCollectionViewController.swift */ = {isa = PBXFileReference; fileEncoding = 4; lastKnownFileType = sourcecode.swift; path = HomeAreaCategoryCollectionViewController.swift; sourceTree = "<group>"; };
		F9901F841CFB5599000E98E9 /* HomeAreaCategoryCollectionViewCell.swift */ = {isa = PBXFileReference; fileEncoding = 4; lastKnownFileType = sourcecode.swift; path = HomeAreaCategoryCollectionViewCell.swift; sourceTree = "<group>"; };
		F9B48E5B1CE8DADA00048AFC /* HomeViewController.swift */ = {isa = PBXFileReference; fileEncoding = 4; lastKnownFileType = sourcecode.swift; path = HomeViewController.swift; sourceTree = "<group>"; };
		F9B48E5D1CE8DB0400048AFC /* HomeSegmentedControl.swift */ = {isa = PBXFileReference; fileEncoding = 4; lastKnownFileType = sourcecode.swift; path = HomeSegmentedControl.swift; sourceTree = "<group>"; };
		FF55A473F4A49DD992328379 /* Pods-ExchangeWorld.debug.xcconfig */ = {isa = PBXFileReference; includeInIndex = 1; lastKnownFileType = text.xcconfig; name = "Pods-ExchangeWorld.debug.xcconfig"; path = "Pods/Target Support Files/Pods-ExchangeWorld/Pods-ExchangeWorld.debug.xcconfig"; sourceTree = "<group>"; };
/* End PBXFileReference section */

/* Begin PBXFrameworksBuildPhase section */
		34AA5CA51C592B900011C3C4 /* Frameworks */ = {
			isa = PBXFrameworksBuildPhase;
			buildActionMask = 2147483647;
			files = (
				C9BE7B5BEB182177EB7DB55B /* Pods_ExchangeWorld.framework in Frameworks */,
			);
			runOnlyForDeploymentPostprocessing = 0;
		};
		34AA5CBB1C592B900011C3C4 /* Frameworks */ = {
			isa = PBXFrameworksBuildPhase;
			buildActionMask = 2147483647;
			files = (
			);
			runOnlyForDeploymentPostprocessing = 0;
		};
		34AA5CC61C592B900011C3C4 /* Frameworks */ = {
			isa = PBXFrameworksBuildPhase;
			buildActionMask = 2147483647;
			files = (
			);
			runOnlyForDeploymentPostprocessing = 0;
		};
/* End PBXFrameworksBuildPhase section */

/* Begin PBXGroup section */
		34AA5C9F1C592B900011C3C4 = {
			isa = PBXGroup;
			children = (
				3479A4E01C593A0400EBAF70 /* .swiftlint.yml */,
				34AA5CAA1C592B900011C3C4 /* ExchangeWorld */,
				34AA5CC11C592B900011C3C4 /* ExchangeWorldTests */,
				34AA5CCC1C592B900011C3C4 /* ExchangeWorldUITests */,
				34AA5CA91C592B900011C3C4 /* Products */,
				EAF69F4BF4F15C1D3731B19E /* Pods */,
				9C6C3E75399EBDB6B84A13BA /* Frameworks */,
			);
			sourceTree = "<group>";
		};
		34AA5CA91C592B900011C3C4 /* Products */ = {
			isa = PBXGroup;
			children = (
				34AA5CA81C592B900011C3C4 /* ExchangeWorld.app */,
				34AA5CBE1C592B900011C3C4 /* ExchangeWorldTests.xctest */,
				34AA5CC91C592B900011C3C4 /* ExchangeWorldUITests.xctest */,
			);
			name = Products;
			sourceTree = "<group>";
		};
		34AA5CAA1C592B900011C3C4 /* ExchangeWorld */ = {
			isa = PBXGroup;
			children = (
				34AA5CAB1C592B900011C3C4 /* AppDelegate.swift */,
				34AA5CB11C592B900011C3C4 /* Main.storyboard */,
				F9B48E5B1CE8DADA00048AFC /* HomeViewController.swift */,
				F9B48E5D1CE8DB0400048AFC /* HomeSegmentedControl.swift */,
				F985FF171CE8DE9F00676DB3 /* HomeMapTabViewController.swift */,
				F961DBF41CFC5E9B00FF7361 /* HomeObjectData.swift */,
				F961DBEC1CFBF0F200FF7361 /* HomeObjectCategoryCollectionViewController.swift */,
				F961DBEE1CFBF11C00FF7361 /* HomeObjectCategoryCollectionViewCell.swift */,
				F961DBF01CFC083500FF7361 /* HomeObjectCollectionViewController.swift */,
				F961DBF21CFC085F00FF7361 /* HomeObjectCollectionViewCell.swift */,
				F90E7ED01D00708C00F567D2 /* ObjectInfoViewController.swift */,
				F9901F821CFB523D000E98E9 /* HomeAreaCategoryCollectionViewController.swift */,
				F9901F841CFB5599000E98E9 /* HomeAreaCategoryCollectionViewCell.swift */,
				F922BA971CE968420077D7EE /* CameraViewController.swift */,
				34AA5CB41C592B900011C3C4 /* Assets.xcassets */,
				34AA5CB61C592B900011C3C4 /* LaunchScreen.storyboard */,
				34AA5CB91C592B900011C3C4 /* Info.plist */,
			);
			path = ExchangeWorld;
			sourceTree = "<group>";
		};
		34AA5CC11C592B900011C3C4 /* ExchangeWorldTests */ = {
			isa = PBXGroup;
			children = (
				34AA5CC21C592B900011C3C4 /* ExchangeWorldTests.swift */,
				34AA5CC41C592B900011C3C4 /* Info.plist */,
			);
			path = ExchangeWorldTests;
			sourceTree = "<group>";
		};
		34AA5CCC1C592B900011C3C4 /* ExchangeWorldUITests */ = {
			isa = PBXGroup;
			children = (
				34AA5CCD1C592B900011C3C4 /* ExchangeWorldUITests.swift */,
				34AA5CCF1C592B900011C3C4 /* Info.plist */,
			);
			path = ExchangeWorldUITests;
			sourceTree = "<group>";
		};
		9C6C3E75399EBDB6B84A13BA /* Frameworks */ = {
			isa = PBXGroup;
			children = (
				4FA932E1BA21826F6C4B3D51 /* Pods_ExchangeWorld.framework */,
			);
			name = Frameworks;
			sourceTree = "<group>";
		};
		EAF69F4BF4F15C1D3731B19E /* Pods */ = {
			isa = PBXGroup;
			children = (
				FF55A473F4A49DD992328379 /* Pods-ExchangeWorld.debug.xcconfig */,
				15C707BACE81D77BBC6160BD /* Pods-ExchangeWorld.release.xcconfig */,
			);
			name = Pods;
			sourceTree = "<group>";
		};
/* End PBXGroup section */

/* Begin PBXNativeTarget section */
		34AA5CA71C592B900011C3C4 /* ExchangeWorld */ = {
			isa = PBXNativeTarget;
			buildConfigurationList = 34AA5CD21C592B900011C3C4 /* Build configuration list for PBXNativeTarget "ExchangeWorld" */;
			buildPhases = (
				9ACBA180E84AAC9C7C4C4990 /* 📦 Check Pods Manifest.lock */,
				34AA5CA41C592B900011C3C4 /* Sources */,
				34AA5CA51C592B900011C3C4 /* Frameworks */,
				34AA5CA61C592B900011C3C4 /* Resources */,
				3479A4DF1C59382300EBAF70 /* Swift Lint */,
				8C4EBB4B52185986800E9AF1 /* 📦 Embed Pods Frameworks */,
				F3B816FCF05BF49AB2D22244 /* 📦 Copy Pods Resources */,
			);
			buildRules = (
			);
			dependencies = (
			);
			name = ExchangeWorld;
			productName = ExchangeWorld;
			productReference = 34AA5CA81C592B900011C3C4 /* ExchangeWorld.app */;
			productType = "com.apple.product-type.application";
		};
		34AA5CBD1C592B900011C3C4 /* ExchangeWorldTests */ = {
			isa = PBXNativeTarget;
			buildConfigurationList = 34AA5CD51C592B900011C3C4 /* Build configuration list for PBXNativeTarget "ExchangeWorldTests" */;
			buildPhases = (
				34AA5CBA1C592B900011C3C4 /* Sources */,
				34AA5CBB1C592B900011C3C4 /* Frameworks */,
				34AA5CBC1C592B900011C3C4 /* Resources */,
			);
			buildRules = (
			);
			dependencies = (
				34AA5CC01C592B900011C3C4 /* PBXTargetDependency */,
			);
			name = ExchangeWorldTests;
			productName = ExchangeWorldTests;
			productReference = 34AA5CBE1C592B900011C3C4 /* ExchangeWorldTests.xctest */;
			productType = "com.apple.product-type.bundle.unit-test";
		};
		34AA5CC81C592B900011C3C4 /* ExchangeWorldUITests */ = {
			isa = PBXNativeTarget;
			buildConfigurationList = 34AA5CD81C592B900011C3C4 /* Build configuration list for PBXNativeTarget "ExchangeWorldUITests" */;
			buildPhases = (
				34AA5CC51C592B900011C3C4 /* Sources */,
				34AA5CC61C592B900011C3C4 /* Frameworks */,
				34AA5CC71C592B900011C3C4 /* Resources */,
			);
			buildRules = (
			);
			dependencies = (
				34AA5CCB1C592B900011C3C4 /* PBXTargetDependency */,
			);
			name = ExchangeWorldUITests;
			productName = ExchangeWorldUITests;
			productReference = 34AA5CC91C592B900011C3C4 /* ExchangeWorldUITests.xctest */;
			productType = "com.apple.product-type.bundle.ui-testing";
		};
/* End PBXNativeTarget section */

/* Begin PBXProject section */
		34AA5CA01C592B900011C3C4 /* Project object */ = {
			isa = PBXProject;
			attributes = {
				LastSwiftUpdateCheck = 0720;
				LastUpgradeCheck = 0720;
				ORGANIZATIONNAME = Exwd;
				TargetAttributes = {
					34AA5CA71C592B900011C3C4 = {
						CreatedOnToolsVersion = 7.2;
						DevelopmentTeam = 6T3SFM9RFU;
					};
					34AA5CBD1C592B900011C3C4 = {
						CreatedOnToolsVersion = 7.2;
						TestTargetID = 34AA5CA71C592B900011C3C4;
					};
					34AA5CC81C592B900011C3C4 = {
						CreatedOnToolsVersion = 7.2;
						TestTargetID = 34AA5CA71C592B900011C3C4;
					};
				};
			};
			buildConfigurationList = 34AA5CA31C592B900011C3C4 /* Build configuration list for PBXProject "ExchangeWorld" */;
			compatibilityVersion = "Xcode 3.2";
			developmentRegion = English;
			hasScannedForEncodings = 0;
			knownRegions = (
				en,
				Base,
			);
			mainGroup = 34AA5C9F1C592B900011C3C4;
			productRefGroup = 34AA5CA91C592B900011C3C4 /* Products */;
			projectDirPath = "";
			projectRoot = "";
			targets = (
				34AA5CA71C592B900011C3C4 /* ExchangeWorld */,
				34AA5CBD1C592B900011C3C4 /* ExchangeWorldTests */,
				34AA5CC81C592B900011C3C4 /* ExchangeWorldUITests */,
			);
		};
/* End PBXProject section */

/* Begin PBXResourcesBuildPhase section */
		34AA5CA61C592B900011C3C4 /* Resources */ = {
			isa = PBXResourcesBuildPhase;
			buildActionMask = 2147483647;
			files = (
				3479A4E11C593A0400EBAF70 /* .swiftlint.yml in Resources */,
				34AA5CB81C592B900011C3C4 /* LaunchScreen.storyboard in Resources */,
				34AA5CB51C592B900011C3C4 /* Assets.xcassets in Resources */,
				34AA5CB31C592B900011C3C4 /* Main.storyboard in Resources */,
			);
			runOnlyForDeploymentPostprocessing = 0;
		};
		34AA5CBC1C592B900011C3C4 /* Resources */ = {
			isa = PBXResourcesBuildPhase;
			buildActionMask = 2147483647;
			files = (
				3479A4E21C593A0400EBAF70 /* .swiftlint.yml in Resources */,
			);
			runOnlyForDeploymentPostprocessing = 0;
		};
		34AA5CC71C592B900011C3C4 /* Resources */ = {
			isa = PBXResourcesBuildPhase;
			buildActionMask = 2147483647;
			files = (
				3479A4E31C593A0400EBAF70 /* .swiftlint.yml in Resources */,
			);
			runOnlyForDeploymentPostprocessing = 0;
		};
/* End PBXResourcesBuildPhase section */

/* Begin PBXShellScriptBuildPhase section */
		3479A4DF1C59382300EBAF70 /* Swift Lint */ = {
			isa = PBXShellScriptBuildPhase;
			buildActionMask = 2147483647;
			files = (
			);
			inputPaths = (
			);
			name = "Swift Lint";
			outputPaths = (
			);
			runOnlyForDeploymentPostprocessing = 0;
			shellPath = /bin/sh;
			shellScript = "if which swiftlint >/dev/null; then\n    swiftlint\nelse\n    echo \"SwiftLint does not exist, download from https://github.com/realm/SwiftLint\"\nfi";
		};
		8C4EBB4B52185986800E9AF1 /* 📦 Embed Pods Frameworks */ = {
			isa = PBXShellScriptBuildPhase;
			buildActionMask = 2147483647;
			files = (
			);
			inputPaths = (
			);
			name = "📦 Embed Pods Frameworks";
			outputPaths = (
			);
			runOnlyForDeploymentPostprocessing = 0;
			shellPath = /bin/sh;
			shellScript = "\"${SRCROOT}/Pods/Target Support Files/Pods-ExchangeWorld/Pods-ExchangeWorld-frameworks.sh\"\n";
			showEnvVarsInLog = 0;
		};
		9ACBA180E84AAC9C7C4C4990 /* 📦 Check Pods Manifest.lock */ = {
			isa = PBXShellScriptBuildPhase;
			buildActionMask = 2147483647;
			files = (
			);
			inputPaths = (
			);
			name = "📦 Check Pods Manifest.lock";
			outputPaths = (
			);
			runOnlyForDeploymentPostprocessing = 0;
			shellPath = /bin/sh;
			shellScript = "diff \"${PODS_ROOT}/../Podfile.lock\" \"${PODS_ROOT}/Manifest.lock\" > /dev/null\nif [[ $? != 0 ]] ; then\n    cat << EOM\nerror: The sandbox is not in sync with the Podfile.lock. Run 'pod install' or update your CocoaPods installation.\nEOM\n    exit 1\nfi\n";
			showEnvVarsInLog = 0;
		};
		F3B816FCF05BF49AB2D22244 /* 📦 Copy Pods Resources */ = {
			isa = PBXShellScriptBuildPhase;
			buildActionMask = 2147483647;
			files = (
			);
			inputPaths = (
			);
			name = "📦 Copy Pods Resources";
			outputPaths = (
			);
			runOnlyForDeploymentPostprocessing = 0;
			shellPath = /bin/sh;
			shellScript = "\"${SRCROOT}/Pods/Target Support Files/Pods-ExchangeWorld/Pods-ExchangeWorld-resources.sh\"\n";
			showEnvVarsInLog = 0;
		};
/* End PBXShellScriptBuildPhase section */

/* Begin PBXSourcesBuildPhase section */
		34AA5CA41C592B900011C3C4 /* Sources */ = {
			isa = PBXSourcesBuildPhase;
			buildActionMask = 2147483647;
			files = (
				34AA5CAC1C592B900011C3C4 /* AppDelegate.swift in Sources */,
				F90E7ED11D00708C00F567D2 /* ObjectInfoViewController.swift in Sources */,
				F9B48E5C1CE8DADA00048AFC /* HomeViewController.swift in Sources */,
				F9901F851CFB5599000E98E9 /* HomeAreaCategoryCollectionViewCell.swift in Sources */,
				F985FF181CE8DE9F00676DB3 /* HomeMapTabViewController.swift in Sources */,
				F961DBED1CFBF0F200FF7361 /* HomeObjectCategoryCollectionViewController.swift in Sources */,
				F961DBF51CFC5E9B00FF7361 /* HomeObjectData.swift in Sources */,
				F961DBF31CFC085F00FF7361 /* HomeObjectCollectionViewCell.swift in Sources */,
				F922BA981CE968420077D7EE /* CameraViewController.swift in Sources */,
				F961DBF11CFC083500FF7361 /* HomeObjectCollectionViewController.swift in Sources */,
				F961DBEF1CFBF11C00FF7361 /* HomeObjectCategoryCollectionViewCell.swift in Sources */,
				F9B48E5E1CE8DB0400048AFC /* HomeSegmentedControl.swift in Sources */,
				F9901F831CFB523D000E98E9 /* HomeAreaCategoryCollectionViewController.swift in Sources */,
			);
			runOnlyForDeploymentPostprocessing = 0;
		};
		34AA5CBA1C592B900011C3C4 /* Sources */ = {
			isa = PBXSourcesBuildPhase;
			buildActionMask = 2147483647;
			files = (
				34AA5CC31C592B900011C3C4 /* ExchangeWorldTests.swift in Sources */,
			);
			runOnlyForDeploymentPostprocessing = 0;
		};
		34AA5CC51C592B900011C3C4 /* Sources */ = {
			isa = PBXSourcesBuildPhase;
			buildActionMask = 2147483647;
			files = (
				34AA5CCE1C592B900011C3C4 /* ExchangeWorldUITests.swift in Sources */,
			);
			runOnlyForDeploymentPostprocessing = 0;
		};
/* End PBXSourcesBuildPhase section */

/* Begin PBXTargetDependency section */
		34AA5CC01C592B900011C3C4 /* PBXTargetDependency */ = {
			isa = PBXTargetDependency;
			target = 34AA5CA71C592B900011C3C4 /* ExchangeWorld */;
			targetProxy = 34AA5CBF1C592B900011C3C4 /* PBXContainerItemProxy */;
		};
		34AA5CCB1C592B900011C3C4 /* PBXTargetDependency */ = {
			isa = PBXTargetDependency;
			target = 34AA5CA71C592B900011C3C4 /* ExchangeWorld */;
			targetProxy = 34AA5CCA1C592B900011C3C4 /* PBXContainerItemProxy */;
		};
/* End PBXTargetDependency section */

/* Begin PBXVariantGroup section */
		34AA5CB11C592B900011C3C4 /* Main.storyboard */ = {
			isa = PBXVariantGroup;
			children = (
				34AA5CB21C592B900011C3C4 /* Base */,
			);
			name = Main.storyboard;
			sourceTree = "<group>";
		};
		34AA5CB61C592B900011C3C4 /* LaunchScreen.storyboard */ = {
			isa = PBXVariantGroup;
			children = (
				34AA5CB71C592B900011C3C4 /* Base */,
			);
			name = LaunchScreen.storyboard;
			sourceTree = "<group>";
		};
/* End PBXVariantGroup section */

/* Begin XCBuildConfiguration section */
		34AA5CD01C592B900011C3C4 /* Debug */ = {
			isa = XCBuildConfiguration;
			buildSettings = {
				ALWAYS_SEARCH_USER_PATHS = NO;
				CLANG_CXX_LANGUAGE_STANDARD = "gnu++0x";
				CLANG_CXX_LIBRARY = "libc++";
				CLANG_ENABLE_MODULES = YES;
				CLANG_ENABLE_OBJC_ARC = YES;
				CLANG_WARN_BOOL_CONVERSION = YES;
				CLANG_WARN_CONSTANT_CONVERSION = YES;
				CLANG_WARN_DIRECT_OBJC_ISA_USAGE = YES_ERROR;
				CLANG_WARN_EMPTY_BODY = YES;
				CLANG_WARN_ENUM_CONVERSION = YES;
				CLANG_WARN_INT_CONVERSION = YES;
				CLANG_WARN_OBJC_ROOT_CLASS = YES_ERROR;
				CLANG_WARN_UNREACHABLE_CODE = YES;
				CLANG_WARN__DUPLICATE_METHOD_MATCH = YES;
				"CODE_SIGN_IDENTITY[sdk=iphoneos*]" = "iPhone Developer";
				COPY_PHASE_STRIP = NO;
				DEBUG_INFORMATION_FORMAT = dwarf;
				ENABLE_STRICT_OBJC_MSGSEND = YES;
				ENABLE_TESTABILITY = YES;
				GCC_C_LANGUAGE_STANDARD = gnu99;
				GCC_DYNAMIC_NO_PIC = NO;
				GCC_NO_COMMON_BLOCKS = YES;
				GCC_OPTIMIZATION_LEVEL = 0;
				GCC_PREPROCESSOR_DEFINITIONS = (
					"DEBUG=1",
					"$(inherited)",
				);
				GCC_WARN_64_TO_32_BIT_CONVERSION = YES;
				GCC_WARN_ABOUT_RETURN_TYPE = YES_ERROR;
				GCC_WARN_UNDECLARED_SELECTOR = YES;
				GCC_WARN_UNINITIALIZED_AUTOS = YES_AGGRESSIVE;
				GCC_WARN_UNUSED_FUNCTION = YES;
				GCC_WARN_UNUSED_VARIABLE = YES;
				IPHONEOS_DEPLOYMENT_TARGET = 9.2;
				MTL_ENABLE_DEBUG_INFO = YES;
				ONLY_ACTIVE_ARCH = YES;
				SDKROOT = iphoneos;
				SWIFT_OPTIMIZATION_LEVEL = "-Onone";
				TARGETED_DEVICE_FAMILY = "1,2";
			};
			name = Debug;
		};
		34AA5CD11C592B900011C3C4 /* Release */ = {
			isa = XCBuildConfiguration;
			buildSettings = {
				ALWAYS_SEARCH_USER_PATHS = NO;
				CLANG_CXX_LANGUAGE_STANDARD = "gnu++0x";
				CLANG_CXX_LIBRARY = "libc++";
				CLANG_ENABLE_MODULES = YES;
				CLANG_ENABLE_OBJC_ARC = YES;
				CLANG_WARN_BOOL_CONVERSION = YES;
				CLANG_WARN_CONSTANT_CONVERSION = YES;
				CLANG_WARN_DIRECT_OBJC_ISA_USAGE = YES_ERROR;
				CLANG_WARN_EMPTY_BODY = YES;
				CLANG_WARN_ENUM_CONVERSION = YES;
				CLANG_WARN_INT_CONVERSION = YES;
				CLANG_WARN_OBJC_ROOT_CLASS = YES_ERROR;
				CLANG_WARN_UNREACHABLE_CODE = YES;
				CLANG_WARN__DUPLICATE_METHOD_MATCH = YES;
				"CODE_SIGN_IDENTITY[sdk=iphoneos*]" = "iPhone Developer";
				COPY_PHASE_STRIP = NO;
				DEBUG_INFORMATION_FORMAT = "dwarf-with-dsym";
				ENABLE_NS_ASSERTIONS = NO;
				ENABLE_STRICT_OBJC_MSGSEND = YES;
				GCC_C_LANGUAGE_STANDARD = gnu99;
				GCC_NO_COMMON_BLOCKS = YES;
				GCC_WARN_64_TO_32_BIT_CONVERSION = YES;
				GCC_WARN_ABOUT_RETURN_TYPE = YES_ERROR;
				GCC_WARN_UNDECLARED_SELECTOR = YES;
				GCC_WARN_UNINITIALIZED_AUTOS = YES_AGGRESSIVE;
				GCC_WARN_UNUSED_FUNCTION = YES;
				GCC_WARN_UNUSED_VARIABLE = YES;
				IPHONEOS_DEPLOYMENT_TARGET = 9.2;
				MTL_ENABLE_DEBUG_INFO = NO;
				SDKROOT = iphoneos;
				TARGETED_DEVICE_FAMILY = "1,2";
				VALIDATE_PRODUCT = YES;
			};
			name = Release;
		};
		34AA5CD31C592B900011C3C4 /* Debug */ = {
			isa = XCBuildConfiguration;
			baseConfigurationReference = FF55A473F4A49DD992328379 /* Pods-ExchangeWorld.debug.xcconfig */;
			buildSettings = {
				ASSETCATALOG_COMPILER_APPICON_NAME = AppIcon;
				CODE_SIGN_IDENTITY = "iPhone Developer";
				"CODE_SIGN_IDENTITY[sdk=iphoneos*]" = "iPhone Developer";
				ENABLE_BITCODE = NO;
				FRAMEWORK_SEARCH_PATHS = "$(inherited)";
				INFOPLIST_FILE = ExchangeWorld/Info.plist;
				LD_RUNPATH_SEARCH_PATHS = "$(inherited) @executable_path/Frameworks";
				OTHER_LDFLAGS = (
					"$(inherited)",
					"-ObjC",
					"-l\"c++\"",
					"-l\"icucore\"",
					"-l\"z\"",
					"-framework",
					"\"AVFoundation\"",
					"-framework",
					"\"Accelerate\"",
					"-framework",
					"\"CoreBluetooth\"",
					"-framework",
					"\"CoreData\"",
					"-framework",
					"\"CoreGraphics\"",
					"-framework",
					"\"CoreLocation\"",
					"-framework",
					"\"CoreText\"",
					"-framework",
					"\"GLKit\"",
					"-framework",
					"\"GoogleMaps\"",
					"-framework",
					"\"ImageIO\"",
					"-framework",
					"\"ObjectMapper\"",
					"-framework",
					"\"OpenGLES\"",
					"-framework",
					"\"QuartzCore\"",
					"-framework",
					"\"Security\"",
					"-framework",
					"\"SystemConfiguration\"",
				);
				PRODUCT_BUNDLE_IDENTIFIER = Sourov.ExchangeWorld;
				PRODUCT_NAME = "$(TARGET_NAME)";
				PROVISIONING_PROFILE = "";
			};
			name = Debug;
		};
		34AA5CD41C592B900011C3C4 /* Release */ = {
			isa = XCBuildConfiguration;
			baseConfigurationReference = 15C707BACE81D77BBC6160BD /* Pods-ExchangeWorld.release.xcconfig */;
			buildSettings = {
				ASSETCATALOG_COMPILER_APPICON_NAME = AppIcon;
				CODE_SIGN_IDENTITY = "iPhone Developer";
				"CODE_SIGN_IDENTITY[sdk=iphoneos*]" = "iPhone Developer";
				ENABLE_BITCODE = NO;
				FRAMEWORK_SEARCH_PATHS = "$(inherited)";
				INFOPLIST_FILE = ExchangeWorld/Info.plist;
				LD_RUNPATH_SEARCH_PATHS = "$(inherited) @executable_path/Frameworks";
				OTHER_LDFLAGS = (
					"$(inherited)",
					"-ObjC",
					"-l\"c++\"",
					"-l\"icucore\"",
					"-l\"z\"",
					"-framework",
					"\"AVFoundation\"",
					"-framework",
					"\"Accelerate\"",
					"-framework",
					"\"CoreBluetooth\"",
					"-framework",
					"\"CoreData\"",
					"-framework",
					"\"CoreGraphics\"",
					"-framework",
					"\"CoreLocation\"",
					"-framework",
					"\"CoreText\"",
					"-framework",
					"\"GLKit\"",
					"-framework",
					"\"GoogleMaps\"",
					"-framework",
					"\"ImageIO\"",
					"-framework",
					"\"ObjectMapper\"",
					"-framework",
					"\"OpenGLES\"",
					"-framework",
					"\"QuartzCore\"",
					"-framework",
					"\"Security\"",
					"-framework",
					"\"SystemConfiguration\"",
				);
				PRODUCT_BUNDLE_IDENTIFIER = Sourov.ExchangeWorld;
				PRODUCT_NAME = "$(TARGET_NAME)";
				PROVISIONING_PROFILE = "";
			};
			name = Release;
		};
		34AA5CD61C592B900011C3C4 /* Debug */ = {
			isa = XCBuildConfiguration;
			buildSettings = {
				BUNDLE_LOADER = "$(TEST_HOST)";
				INFOPLIST_FILE = ExchangeWorldTests/Info.plist;
				LD_RUNPATH_SEARCH_PATHS = "$(inherited) @executable_path/Frameworks @loader_path/Frameworks";
				PRODUCT_BUNDLE_IDENTIFIER = com.exwd.ExchangeWorldTests;
				PRODUCT_NAME = "$(TARGET_NAME)";
				TEST_HOST = "$(BUILT_PRODUCTS_DIR)/ExchangeWorld.app/ExchangeWorld";
			};
			name = Debug;
		};
		34AA5CD71C592B900011C3C4 /* Release */ = {
			isa = XCBuildConfiguration;
			buildSettings = {
				BUNDLE_LOADER = "$(TEST_HOST)";
				INFOPLIST_FILE = ExchangeWorldTests/Info.plist;
				LD_RUNPATH_SEARCH_PATHS = "$(inherited) @executable_path/Frameworks @loader_path/Frameworks";
				PRODUCT_BUNDLE_IDENTIFIER = com.exwd.ExchangeWorldTests;
				PRODUCT_NAME = "$(TARGET_NAME)";
				TEST_HOST = "$(BUILT_PRODUCTS_DIR)/ExchangeWorld.app/ExchangeWorld";
			};
			name = Release;
		};
		34AA5CD91C592B900011C3C4 /* Debug */ = {
			isa = XCBuildConfiguration;
			buildSettings = {
				INFOPLIST_FILE = ExchangeWorldUITests/Info.plist;
				LD_RUNPATH_SEARCH_PATHS = "$(inherited) @executable_path/Frameworks @loader_path/Frameworks";
				PRODUCT_BUNDLE_IDENTIFIER = com.exwd.ExchangeWorldUITests;
				PRODUCT_NAME = "$(TARGET_NAME)";
				TEST_TARGET_NAME = ExchangeWorld;
				USES_XCTRUNNER = YES;
			};
			name = Debug;
		};
		34AA5CDA1C592B900011C3C4 /* Release */ = {
			isa = XCBuildConfiguration;
			buildSettings = {
				INFOPLIST_FILE = ExchangeWorldUITests/Info.plist;
				LD_RUNPATH_SEARCH_PATHS = "$(inherited) @executable_path/Frameworks @loader_path/Frameworks";
				PRODUCT_BUNDLE_IDENTIFIER = com.exwd.ExchangeWorldUITests;
				PRODUCT_NAME = "$(TARGET_NAME)";
				TEST_TARGET_NAME = ExchangeWorld;
				USES_XCTRUNNER = YES;
			};
			name = Release;
		};
/* End XCBuildConfiguration section */

/* Begin XCConfigurationList section */
		34AA5CA31C592B900011C3C4 /* Build configuration list for PBXProject "ExchangeWorld" */ = {
			isa = XCConfigurationList;
			buildConfigurations = (
				34AA5CD01C592B900011C3C4 /* Debug */,
				34AA5CD11C592B900011C3C4 /* Release */,
			);
			defaultConfigurationIsVisible = 0;
			defaultConfigurationName = Release;
		};
		34AA5CD21C592B900011C3C4 /* Build configuration list for PBXNativeTarget "ExchangeWorld" */ = {
			isa = XCConfigurationList;
			buildConfigurations = (
				34AA5CD31C592B900011C3C4 /* Debug */,
				34AA5CD41C592B900011C3C4 /* Release */,
			);
			defaultConfigurationIsVisible = 0;
			defaultConfigurationName = Release;
		};
		34AA5CD51C592B900011C3C4 /* Build configuration list for PBXNativeTarget "ExchangeWorldTests" */ = {
			isa = XCConfigurationList;
			buildConfigurations = (
				34AA5CD61C592B900011C3C4 /* Debug */,
				34AA5CD71C592B900011C3C4 /* Release */,
			);
			defaultConfigurationIsVisible = 0;
			defaultConfigurationName = Release;
		};
		34AA5CD81C592B900011C3C4 /* Build configuration list for PBXNativeTarget "ExchangeWorldUITests" */ = {
			isa = XCConfigurationList;
			buildConfigurations = (
				34AA5CD91C592B900011C3C4 /* Debug */,
				34AA5CDA1C592B900011C3C4 /* Release */,
			);
			defaultConfigurationIsVisible = 0;
			defaultConfigurationName = Release;
		};
/* End XCConfigurationList section */
	};
	rootObject = 34AA5CA01C592B900011C3C4 /* Project object */;
}
